// !$*UTF8*$!
{
	archiveVersion = 1;
	classes = {
	};
	objectVersion = 50;
	objects = {

/* Begin PBXBuildFile section */
		7D00CE7C26EF880C0073EB0F /* AppDelegate.swift in Sources */ = {isa = PBXBuildFile; fileRef = 7D00CE7B26EF880C0073EB0F /* AppDelegate.swift */; };
		7D00CE7E26EF880C0073EB0F /* SceneDelegate.swift in Sources */ = {isa = PBXBuildFile; fileRef = 7D00CE7D26EF880C0073EB0F /* SceneDelegate.swift */; };
		7D00CE8026EF880C0073EB0F /* ViewController.swift in Sources */ = {isa = PBXBuildFile; fileRef = 7D00CE7F26EF880C0073EB0F /* ViewController.swift */; };
		7D00CE8626EF880C0073EB0F /* Burner_iOS_App.xcdatamodeld in Sources */ = {isa = PBXBuildFile; fileRef = 7D00CE8426EF880C0073EB0F /* Burner_iOS_App.xcdatamodeld */; };
		7D00CE9D26EFBBCE0073EB0F /* Movie.swift in Sources */ = {isa = PBXBuildFile; fileRef = 7D00CE9C26EFBBCE0073EB0F /* Movie.swift */; };
		7D00CE9F26EFBBE00073EB0F /* MovieDetails.swift in Sources */ = {isa = PBXBuildFile; fileRef = 7D00CE9E26EFBBE00073EB0F /* MovieDetails.swift */; };
		7D00CEA126EFC0440073EB0F /* MovieListingViewController.swift in Sources */ = {isa = PBXBuildFile; fileRef = 7D00CEA026EFC0440073EB0F /* MovieListingViewController.swift */; };
		7D00CEA326EFC10D0073EB0F /* TableViewCell.swift in Sources */ = {isa = PBXBuildFile; fileRef = 7D00CEA226EFC10D0073EB0F /* TableViewCell.swift */; };
		7D00CEA526EFC5830073EB0F /* Reachability.swift in Sources */ = {isa = PBXBuildFile; fileRef = 7D00CEA426EFC5830073EB0F /* Reachability.swift */; };
		7D00CEA726EFCD0D0073EB0F /* MovieDataViewController.swift in Sources */ = {isa = PBXBuildFile; fileRef = 7D00CEA626EFCD0D0073EB0F /* MovieDataViewController.swift */; };
		7DFAB55F26F0429100403B46 /* Main.storyboard in Resources */ = {isa = PBXBuildFile; fileRef = 7DFAB55B26F0429100403B46 /* Main.storyboard */; };
		7DFAB56026F0429100403B46 /* LaunchScreen.storyboard in Resources */ = {isa = PBXBuildFile; fileRef = 7DFAB55D26F0429100403B46 /* LaunchScreen.storyboard */; };
		7DFAB56126F042B400403B46 /* Assets.xcassets in Resources */ = {isa = PBXBuildFile; fileRef = 7D00CE8726EF88100073EB0F /* Assets.xcassets */; };
/* End PBXBuildFile section */

/* Begin PBXFileReference section */
		7D00CE7826EF880C0073EB0F /* Burner iOS App.app */ = {isa = PBXFileReference; explicitFileType = wrapper.application; includeInIndex = 0; path = "Burner iOS App.app"; sourceTree = BUILT_PRODUCTS_DIR; };
		7D00CE7B26EF880C0073EB0F /* AppDelegate.swift */ = {isa = PBXFileReference; lastKnownFileType = sourcecode.swift; path = AppDelegate.swift; sourceTree = "<group>"; };
		7D00CE7D26EF880C0073EB0F /* SceneDelegate.swift */ = {isa = PBXFileReference; lastKnownFileType = sourcecode.swift; path = SceneDelegate.swift; sourceTree = "<group>"; };
		7D00CE7F26EF880C0073EB0F /* ViewController.swift */ = {isa = PBXFileReference; lastKnownFileType = sourcecode.swift; path = ViewController.swift; sourceTree = "<group>"; };
		7D00CE8526EF880C0073EB0F /* Burner_iOS_App.xcdatamodel */ = {isa = PBXFileReference; lastKnownFileType = wrapper.xcdatamodel; path = Burner_iOS_App.xcdatamodel; sourceTree = "<group>"; };
		7D00CE8726EF88100073EB0F /* Assets.xcassets */ = {isa = PBXFileReference; lastKnownFileType = folder.assetcatalog; path = Assets.xcassets; sourceTree = "<group>"; };
		7D00CE8C26EF88100073EB0F /* Info.plist */ = {isa = PBXFileReference; lastKnownFileType = text.plist.xml; path = Info.plist; sourceTree = "<group>"; };
		7D00CE9C26EFBBCE0073EB0F /* Movie.swift */ = {isa = PBXFileReference; fileEncoding = 4; lastKnownFileType = sourcecode.swift; path = Movie.swift; sourceTree = "<group>"; };
		7D00CE9E26EFBBE00073EB0F /* MovieDetails.swift */ = {isa = PBXFileReference; fileEncoding = 4; lastKnownFileType = sourcecode.swift; path = MovieDetails.swift; sourceTree = "<group>"; };
		7D00CEA026EFC0440073EB0F /* MovieListingViewController.swift */ = {isa = PBXFileReference; lastKnownFileType = sourcecode.swift; path = MovieListingViewController.swift; sourceTree = "<group>"; };
		7D00CEA226EFC10D0073EB0F /* TableViewCell.swift */ = {isa = PBXFileReference; fileEncoding = 4; lastKnownFileType = sourcecode.swift; path = TableViewCell.swift; sourceTree = "<group>"; };
		7D00CEA426EFC5830073EB0F /* Reachability.swift */ = {isa = PBXFileReference; fileEncoding = 4; lastKnownFileType = sourcecode.swift; path = Reachability.swift; sourceTree = "<group>"; };
		7D00CEA626EFCD0D0073EB0F /* MovieDataViewController.swift */ = {isa = PBXFileReference; lastKnownFileType = sourcecode.swift; path = MovieDataViewController.swift; sourceTree = "<group>"; };
		7DFAB55C26F0429100403B46 /* Base */ = {isa = PBXFileReference; lastKnownFileType = file.storyboard; name = Base; path = "Burner iOS App/Base.lproj/Main.storyboard"; sourceTree = "<group>"; };
		7DFAB55E26F0429100403B46 /* Base */ = {isa = PBXFileReference; lastKnownFileType = file.storyboard; name = Base; path = "Burner iOS App/Base.lproj/LaunchScreen.storyboard"; sourceTree = "<group>"; };
/* End PBXFileReference section */

/* Begin PBXFrameworksBuildPhase section */
		7D00CE7526EF880C0073EB0F /* Frameworks */ = {
			isa = PBXFrameworksBuildPhase;
			buildActionMask = 2147483647;
			files = (
			);
			runOnlyForDeploymentPostprocessing = 0;
		};
/* End PBXFrameworksBuildPhase section */

/* Begin PBXGroup section */
		7D00CE6F26EF880C0073EB0F = {
			isa = PBXGroup;
			children = (
				7D00CE7A26EF880C0073EB0F /* Burner iOS App */,
				7D00CE7926EF880C0073EB0F /* Products */,
			);
			sourceTree = "<group>";
		};
		7D00CE7926EF880C0073EB0F /* Products */ = {
			isa = PBXGroup;
			children = (
				7D00CE7826EF880C0073EB0F /* Burner iOS App.app */,
			);
			name = Products;
			sourceTree = "<group>";
		};
		7D00CE7A26EF880C0073EB0F /* Burner iOS App */ = {
			isa = PBXGroup;
			children = (
				7DFAB53626F034D400403B46 /* Controllers */,
				7DFAB53526F033CC00403B46 /* Tools */,
				7DFAB53426F0339900403B46 /* Models */,
				7D00CE8726EF88100073EB0F /* Assets.xcassets */,
				7DFAB55D26F0429100403B46 /* LaunchScreen.storyboard */,
				7DFAB55B26F0429100403B46 /* Main.storyboard */,
				7D00CE8C26EF88100073EB0F /* Info.plist */,
				7D00CE8426EF880C0073EB0F /* Burner_iOS_App.xcdatamodeld */,
			);
			path = "Burner iOS App";
			sourceTree = "<group>";
		};
		7DFAB53426F0339900403B46 /* Models */ = {
			isa = PBXGroup;
			children = (
				7D00CE9E26EFBBE00073EB0F /* MovieDetails.swift */,
				7D00CE9C26EFBBCE0073EB0F /* Movie.swift */,
			);
			path = Models;
			sourceTree = "<group>";
		};
		7DFAB53526F033CC00403B46 /* Tools */ = {
			isa = PBXGroup;
			children = (
				7D00CEA426EFC5830073EB0F /* Reachability.swift */,
			);
			path = Tools;
			sourceTree = "<group>";
		};
		7DFAB53626F034D400403B46 /* Controllers */ = {
			isa = PBXGroup;
			children = (
				7DFAB53D26F0386500403B46 /* Startup */,
				7DFAB53B26F037EA00403B46 /* Home */,
				7D00CEA626EFCD0D0073EB0F /* MovieDataViewController.swift */,
				7DFAB53726F0350300403B46 /* ListView */,
			);
			path = Controllers;
			sourceTree = "<group>";
		};
		7DFAB53726F0350300403B46 /* ListView */ = {
			isa = PBXGroup;
			children = (
				7D00CEA026EFC0440073EB0F /* MovieListingViewController.swift */,
				7D00CEA226EFC10D0073EB0F /* TableViewCell.swift */,
			);
			path = ListView;
			sourceTree = "<group>";
		};
		7DFAB53B26F037EA00403B46 /* Home */ = {
			isa = PBXGroup;
			children = (
				7D00CE7F26EF880C0073EB0F /* ViewController.swift */,
			);
			path = Home;
			sourceTree = "<group>";
		};
		7DFAB53D26F0386500403B46 /* Startup */ = {
			isa = PBXGroup;
			children = (
				7D00CE7B26EF880C0073EB0F /* AppDelegate.swift */,
				7D00CE7D26EF880C0073EB0F /* SceneDelegate.swift */,
			);
			path = Startup;
			sourceTree = "<group>";
		};
/* End PBXGroup section */

/* Begin PBXNativeTarget section */
		7D00CE7726EF880C0073EB0F /* Burner iOS App */ = {
			isa = PBXNativeTarget;
			buildConfigurationList = 7D00CE8F26EF88100073EB0F /* Build configuration list for PBXNativeTarget "Burner iOS App" */;
			buildPhases = (
				7D00CE7426EF880C0073EB0F /* Sources */,
				7D00CE7526EF880C0073EB0F /* Frameworks */,
				7D00CE7626EF880C0073EB0F /* Resources */,
			);
			buildRules = (
			);
			dependencies = (
			);
			name = "Burner iOS App";
			productName = "Burner iOS App";
			productReference = 7D00CE7826EF880C0073EB0F /* Burner iOS App.app */;
			productType = "com.apple.product-type.application";
		};
/* End PBXNativeTarget section */

/* Begin PBXProject section */
		7D00CE7026EF880C0073EB0F /* Project object */ = {
			isa = PBXProject;
			attributes = {
				LastSwiftUpdateCheck = 1250;
				LastUpgradeCheck = 1250;
				TargetAttributes = {
					7D00CE7726EF880C0073EB0F = {
						CreatedOnToolsVersion = 12.5.1;
					};
				};
			};
			buildConfigurationList = 7D00CE7326EF880C0073EB0F /* Build configuration list for PBXProject "Burner iOS App" */;
			compatibilityVersion = "Xcode 9.3";
			developmentRegion = en;
			hasScannedForEncodings = 0;
			knownRegions = (
				en,
				Base,
			);
			mainGroup = 7D00CE6F26EF880C0073EB0F;
			productRefGroup = 7D00CE7926EF880C0073EB0F /* Products */;
			projectDirPath = "";
			projectRoot = "";
			targets = (
				7D00CE7726EF880C0073EB0F /* Burner iOS App */,
			);
		};
/* End PBXProject section */

/* Begin PBXResourcesBuildPhase section */
		7D00CE7626EF880C0073EB0F /* Resources */ = {
			isa = PBXResourcesBuildPhase;
			buildActionMask = 2147483647;
			files = (
				7DFAB56126F042B400403B46 /* Assets.xcassets in Resources */,
				7DFAB55F26F0429100403B46 /* Main.storyboard in Resources */,
				7DFAB56026F0429100403B46 /* LaunchScreen.storyboard in Resources */,
			);
			runOnlyForDeploymentPostprocessing = 0;
		};
/* End PBXResourcesBuildPhase section */

/* Begin PBXSourcesBuildPhase section */
		7D00CE7426EF880C0073EB0F /* Sources */ = {
			isa = PBXSourcesBuildPhase;
			buildActionMask = 2147483647;
			files = (
				7D00CE8026EF880C0073EB0F /* ViewController.swift in Sources */,
				7D00CEA326EFC10D0073EB0F /* TableViewCell.swift in Sources */,
				7D00CE7C26EF880C0073EB0F /* AppDelegate.swift in Sources */,
				7D00CEA726EFCD0D0073EB0F /* MovieDataViewController.swift in Sources */,
				7D00CE7E26EF880C0073EB0F /* SceneDelegate.swift in Sources */,
				7D00CEA126EFC0440073EB0F /* MovieListingViewController.swift in Sources */,
				7D00CEA526EFC5830073EB0F /* Reachability.swift in Sources */,
				7D00CE8626EF880C0073EB0F /* Burner_iOS_App.xcdatamodeld in Sources */,
				7D00CE9D26EFBBCE0073EB0F /* Movie.swift in Sources */,
				7D00CE9F26EFBBE00073EB0F /* MovieDetails.swift in Sources */,
			);
			runOnlyForDeploymentPostprocessing = 0;
		};
/* End PBXSourcesBuildPhase section */

/* Begin PBXVariantGroup section */
		7DFAB55B26F0429100403B46 /* Main.storyboard */ = {
			isa = PBXVariantGroup;
			children = (
				7DFAB55C26F0429100403B46 /* Base */,
			);
			name = Main.storyboard;
			sourceTree = "<group>";
		};
		7DFAB55D26F0429100403B46 /* LaunchScreen.storyboard */ = {
			isa = PBXVariantGroup;
			children = (
				7DFAB55E26F0429100403B46 /* Base */,
			);
			name = LaunchScreen.storyboard;
			sourceTree = "<group>";
		};
/* End PBXVariantGroup section */

/* Begin XCBuildConfiguration section */
		7D00CE8D26EF88100073EB0F /* Debug */ = {
			isa = XCBuildConfiguration;
			buildSettings = {
				ALWAYS_SEARCH_USER_PATHS = NO;
				CLANG_ANALYZER_NONNULL = YES;
				CLANG_ANALYZER_NUMBER_OBJECT_CONVERSION = YES_AGGRESSIVE;
				CLANG_CXX_LANGUAGE_STANDARD = "gnu++14";
				CLANG_CXX_LIBRARY = "libc++";
				CLANG_ENABLE_MODULES = YES;
				CLANG_ENABLE_OBJC_ARC = YES;
				CLANG_ENABLE_OBJC_WEAK = YES;
				CLANG_WARN_BLOCK_CAPTURE_AUTORELEASING = YES;
				CLANG_WARN_BOOL_CONVERSION = YES;
				CLANG_WARN_COMMA = YES;
				CLANG_WARN_CONSTANT_CONVERSION = YES;
				CLANG_WARN_DEPRECATED_OBJC_IMPLEMENTATIONS = YES;
				CLANG_WARN_DIRECT_OBJC_ISA_USAGE = YES_ERROR;
				CLANG_WARN_DOCUMENTATION_COMMENTS = YES;
				CLANG_WARN_EMPTY_BODY = YES;
				CLANG_WARN_ENUM_CONVERSION = YES;
				CLANG_WARN_INFINITE_RECURSION = YES;
				CLANG_WARN_INT_CONVERSION = YES;
				CLANG_WARN_NON_LITERAL_NULL_CONVERSION = YES;
				CLANG_WARN_OBJC_IMPLICIT_RETAIN_SELF = YES;
				CLANG_WARN_OBJC_LITERAL_CONVERSION = YES;
				CLANG_WARN_OBJC_ROOT_CLASS = YES_ERROR;
				CLANG_WARN_QUOTED_INCLUDE_IN_FRAMEWORK_HEADER = YES;
				CLANG_WARN_RANGE_LOOP_ANALYSIS = YES;
				CLANG_WARN_STRICT_PROTOTYPES = YES;
				CLANG_WARN_SUSPICIOUS_MOVE = YES;
				CLANG_WARN_UNGUARDED_AVAILABILITY = YES_AGGRESSIVE;
				CLANG_WARN_UNREACHABLE_CODE = YES;
				CLANG_WARN__DUPLICATE_METHOD_MATCH = YES;
				COPY_PHASE_STRIP = NO;
				DEBUG_INFORMATION_FORMAT = dwarf;
				ENABLE_STRICT_OBJC_MSGSEND = YES;
				ENABLE_TESTABILITY = YES;
				GCC_C_LANGUAGE_STANDARD = gnu11;
				GCC_DYNAMIC_NO_PIC = NO;
				GCC_NO_COMMON_BLOCKS = YES;
				GCC_OPTIMIZATION_LEVEL = 0;
				GCC_PREPROCESSOR_DEFINITIONS = (
					"DEBUG=1",
					"$(inherited)",
				);
				GCC_WARN_64_TO_32_BIT_CONVERSION = YES;
				GCC_WARN_ABOUT_RETURN_TYPE = YES_ERROR;
				GCC_WARN_UNDECLARED_SELECTOR = YES;
				GCC_WARN_UNINITIALIZED_AUTOS = YES_AGGRESSIVE;
				GCC_WARN_UNUSED_FUNCTION = YES;
				GCC_WARN_UNUSED_VARIABLE = YES;
				IPHONEOS_DEPLOYMENT_TARGET = 14.5;
				MTL_ENABLE_DEBUG_INFO = INCLUDE_SOURCE;
				MTL_FAST_MATH = YES;
				ONLY_ACTIVE_ARCH = YES;
				SDKROOT = iphoneos;
				SWIFT_ACTIVE_COMPILATION_CONDITIONS = DEBUG;
				SWIFT_OPTIMIZATION_LEVEL = "-Onone";
			};
			name = Debug;
		};
		7D00CE8E26EF88100073EB0F /* Release */ = {
			isa = XCBuildConfiguration;
			buildSettings = {
				ALWAYS_SEARCH_USER_PATHS = NO;
				CLANG_ANALYZER_NONNULL = YES;
				CLANG_ANALYZER_NUMBER_OBJECT_CONVERSION = YES_AGGRESSIVE;
				CLANG_CXX_LANGUAGE_STANDARD = "gnu++14";
				CLANG_CXX_LIBRARY = "libc++";
				CLANG_ENABLE_MODULES = YES;
				CLANG_ENABLE_OBJC_ARC = YES;
				CLANG_ENABLE_OBJC_WEAK = YES;
				CLANG_WARN_BLOCK_CAPTURE_AUTORELEASING = YES;
				CLANG_WARN_BOOL_CONVERSION = YES;
				CLANG_WARN_COMMA = YES;
				CLANG_WARN_CONSTANT_CONVERSION = YES;
				CLANG_WARN_DEPRECATED_OBJC_IMPLEMENTATIONS = YES;
				CLANG_WARN_DIRECT_OBJC_ISA_USAGE = YES_ERROR;
				CLANG_WARN_DOCUMENTATION_COMMENTS = YES;
				CLANG_WARN_EMPTY_BODY = YES;
				CLANG_WARN_ENUM_CONVERSION = YES;
				CLANG_WARN_INFINITE_RECURSION = YES;
				CLANG_WARN_INT_CONVERSION = YES;
				CLANG_WARN_NON_LITERAL_NULL_CONVERSION = YES;
				CLANG_WARN_OBJC_IMPLICIT_RETAIN_SELF = YES;
				CLANG_WARN_OBJC_LITERAL_CONVERSION = YES;
				CLANG_WARN_OBJC_ROOT_CLASS = YES_ERROR;
				CLANG_WARN_QUOTED_INCLUDE_IN_FRAMEWORK_HEADER = YES;
				CLANG_WARN_RANGE_LOOP_ANALYSIS = YES;
				CLANG_WARN_STRICT_PROTOTYPES = YES;
				CLANG_WARN_SUSPICIOUS_MOVE = YES;
				CLANG_WARN_UNGUARDED_AVAILABILITY = YES_AGGRESSIVE;
				CLANG_WARN_UNREACHABLE_CODE = YES;
				CLANG_WARN__DUPLICATE_METHOD_MATCH = YES;
				COPY_PHASE_STRIP = NO;
				DEBUG_INFORMATION_FORMAT = "dwarf-with-dsym";
				ENABLE_NS_ASSERTIONS = NO;
				ENABLE_STRICT_OBJC_MSGSEND = YES;
				GCC_C_LANGUAGE_STANDARD = gnu11;
				GCC_NO_COMMON_BLOCKS = YES;
				GCC_WARN_64_TO_32_BIT_CONVERSION = YES;
				GCC_WARN_ABOUT_RETURN_TYPE = YES_ERROR;
				GCC_WARN_UNDECLARED_SELECTOR = YES;
				GCC_WARN_UNINITIALIZED_AUTOS = YES_AGGRESSIVE;
				GCC_WARN_UNUSED_FUNCTION = YES;
				GCC_WARN_UNUSED_VARIABLE = YES;
				IPHONEOS_DEPLOYMENT_TARGET = 14.5;
				MTL_ENABLE_DEBUG_INFO = NO;
				MTL_FAST_MATH = YES;
				SDKROOT = iphoneos;
				SWIFT_COMPILATION_MODE = wholemodule;
				SWIFT_OPTIMIZATION_LEVEL = "-O";
				VALIDATE_PRODUCT = YES;
			};
			name = Release;
		};
		7D00CE9026EF88100073EB0F /* Debug */ = {
			isa = XCBuildConfiguration;
			buildSettings = {
				ASSETCATALOG_COMPILER_APPICON_NAME = AppIcon;
				ASSETCATALOG_COMPILER_GLOBAL_ACCENT_COLOR_NAME = AccentColor;
				CODE_SIGN_STYLE = Automatic;
				DEVELOPMENT_TEAM = 4E33XWS7UW;
				INFOPLIST_FILE = "Burner iOS App/Info.plist";
				LD_RUNPATH_SEARCH_PATHS = (
					"$(inherited)",
					"@executable_path/Frameworks",
				);
				PRODUCT_BUNDLE_IDENTIFIER = "com.sage.Burner-iOS-App";
				PRODUCT_NAME = "$(TARGET_NAME)";
				SWIFT_VERSION = 5.0;
				TARGETED_DEVICE_FAMILY = "1,2";
			};
			name = Debug;
		};
		7D00CE9126EF88100073EB0F /* Release */ = {
			isa = XCBuildConfiguration;
			buildSettings = {
				ASSETCATALOG_COMPILER_APPICON_NAME = AppIcon;
				ASSETCATALOG_COMPILER_GLOBAL_ACCENT_COLOR_NAME = AccentColor;
				CODE_SIGN_STYLE = Automatic;
				DEVELOPMENT_TEAM = 4E33XWS7UW;
				INFOPLIST_FILE = "Burner iOS App/Info.plist";
				LD_RUNPATH_SEARCH_PATHS = (
					"$(inherited)",
					"@executable_path/Frameworks",
				);
				PRODUCT_BUNDLE_IDENTIFIER = "com.sage.Burner-iOS-App";
				PRODUCT_NAME = "$(TARGET_NAME)";
				SWIFT_VERSION = 5.0;
				TARGETED_DEVICE_FAMILY = "1,2";
			};
			name = Release;
		};
/* End XCBuildConfiguration section */

/* Begin XCConfigurationList section */
		7D00CE7326EF880C0073EB0F /* Build configuration list for PBXProject "Burner iOS App" */ = {
			isa = XCConfigurationList;
			buildConfigurations = (
				7D00CE8D26EF88100073EB0F /* Debug */,
				7D00CE8E26EF88100073EB0F /* Release */,
			);
			defaultConfigurationIsVisible = 0;
			defaultConfigurationName = Release;
		};
		7D00CE8F26EF88100073EB0F /* Build configuration list for PBXNativeTarget "Burner iOS App" */ = {
			isa = XCConfigurationList;
			buildConfigurations = (
				7D00CE9026EF88100073EB0F /* Debug */,
				7D00CE9126EF88100073EB0F /* Release */,
			);
			defaultConfigurationIsVisible = 0;
			defaultConfigurationName = Release;
		};
/* End XCConfigurationList section */

/* Begin XCVersionGroup section */
		7D00CE8426EF880C0073EB0F /* Burner_iOS_App.xcdatamodeld */ = {
			isa = XCVersionGroup;
			children = (
				7D00CE8526EF880C0073EB0F /* Burner_iOS_App.xcdatamodel */,
			);
			currentVersion = 7D00CE8526EF880C0073EB0F /* Burner_iOS_App.xcdatamodel */;
			path = Burner_iOS_App.xcdatamodeld;
			sourceTree = "<group>";
			versionGroupType = wrapper.xcdatamodel;
		};
/* End XCVersionGroup section */
	};
	rootObject = 7D00CE7026EF880C0073EB0F /* Project object */;
}
